
Microsoft Visual Studio Solution File, Format Version 12.00
# Visual Studio Version 17
VisualStudioVersion = 17.11.35222.181
MinimumVisualStudioVersion = 10.0.40219.1
Project("{8BC9CEB8-8B4A-11D0-8D11-00A0C91BC942}") = "6주차 실습", "6주차 실습.vcxproj", "{02A5ED08-BD73-4C9E-8AE3-B44735D72619}"
EndProject
Global
	GlobalSection(SolutionConfigurationPlatforms) = preSolution
		Debug|x64 = Debug|x64
		Debug|x86 = Debug|x86
		Release|x64 = Release|x64
		Release|x86 = Release|x86
	EndGlobalSection
	GlobalSection(ProjectConfigurationPlatforms) = postSolution
		{02A5ED08-BD73-4C9E-8AE3-B44735D72619}.Debug|x64.ActiveCfg = Debug|x64
		{02A5ED08-BD73-4C9E-8AE3-B44735D72619}.Debug|x64.Build.0 = Debug|x64
		{02A5ED08-BD73-4C9E-8AE3-B44735D72619}.Debug|x86.ActiveCfg = Debug|Win32
		{02A5ED08-BD73-4C9E-8AE3-B44735D72619}.Debug|x86.Build.0 = Debug|Win32
		{02A5ED08-BD73-4C9E-8AE3-B44735D72619}.Release|x64.ActiveCfg = Release|x64
		{02A5ED08-BD73-4C9E-8AE3-B44735D72619}.Release|x64.Build.0 = Release|x64
		{02A5ED08-BD73-4C9E-8AE3-B44735D72619}.Release|x86.ActiveCfg = Release|Win32
		{02A5ED08-BD73-4C9E-8AE3-B44735D72619}.Release|x86.Build.0 = Release|Win32
	EndGlobalSection
	GlobalSection(SolutionProperties) = preSolution
		HideSolutionNode = FALSE
	EndGlobalSection
	GlobalSection(ExtensibilityGlobals) = postSolution
		SolutionGuid = {14505D07-67F8-4EEA-A878-B844B4BF8AFF}
	EndGlobalSection
EndGlobal
